{
  "nodes": {
    "config": {
      "locked": {
        "lastModified": 1,
        "narHash": "sha256-EgEBMr5JbCUXVFMInh5Wn11jlMPlRyd1IpDPO8pLzYI=",
        "path": "./example/defaultConfig",
        "type": "path"
      },
      "original": {
        "path": "./example/defaultConfig",
        "type": "path"
      }
    },
    "config_2": {
      "locked": {
        "lastModified": 1,
        "narHash": "sha256-elz+1VaAKxE4aTOOm+5MjsAUd+H1yHQyypfvA0PAnzs=",
        "path": "./example/defaultConfig",
        "type": "path"
      },
      "original": {
        "path": "./example/defaultConfig",
        "type": "path"
      }
    },
    "functions": {
      "inputs": {
        "nixpkgs": [
          "nixpkgs"
        ]
      },
      "locked": {
        "lastModified": 1696780469,
        "narHash": "sha256-TtjooQTU5/JxcOd8Op0FN77hItaelu1r8ImIj0dTK0I=",
        "owner": "NiklasGollenstede",
        "repo": "nix-functions",
        "rev": "3d924bd3d89913c612dcb67323aadf309861f636",
        "type": "github"
      },
      "original": {
        "owner": "NiklasGollenstede",
        "repo": "nix-functions",
        "type": "github"
      }
    },
    "installer": {
      "inputs": {
        "config": "config_2",
        "functions": [
          "functions"
        ],
        "nixpkgs": [
          "nixpkgs"
        ]
      },
      "locked": {
        "lastModified": 1696780542,
        "narHash": "sha256-JeUkzDgegDOS+ZivRXQsmT6OeoN+WgfhUJifeE5c4F0=",
        "owner": "NiklasGollenstede",
        "repo": "nixos-installer",
        "rev": "2bbefc97c34c202173f6cfe11348790575e8d9de",
        "type": "github"
      },
      "original": {
        "owner": "NiklasGollenstede",
        "repo": "nixos-installer",
        "type": "github"
      }
    },
    "nixos-hardware": {
      "locked": {
        "lastModified": 1696614066,
        "narHash": "sha256-nAyYhO7TCr1tikacP37O9FnGr2USOsVBD3IgvndUYjM=",
        "owner": "NixOS",
        "repo": "nixos-hardware",
        "rev": "bb2db418b616fea536b1be7f6ee72fb45c11afe0",
        "type": "github"
      },
      "original": {
        "owner": "NixOS",
        "ref": "master",
        "repo": "nixos-hardware",
        "type": "github"
      }
    },
    "nixpkgs": {
      "locked": {
        "lastModified": 1696697597,
        "narHash": "sha256-q26Qv4DQ+h6IeozF2o1secyQG0jt2VUT3V0K58jr3pg=",
        "owner": "NixOS",
        "repo": "nixpkgs",
        "rev": "5a237aecb57296f67276ac9ab296a41c23981f56",
        "type": "github"
      },
      "original": {
        "owner": "NixOS",
        "ref": "nixos-23.05",
        "repo": "nixpkgs",
        "type": "github"
      }
    },
    "root": {
      "inputs": {
        "config": "config",
        "functions": "functions",
        "installer": "installer",
        "nixos-hardware": "nixos-hardware",
        "nixpkgs": "nixpkgs",
        "systems": "systems"
      }
    },
    "systems": {
      "locked": {
        "lastModified": 1689347949,
        "narHash": "sha256-12tWmuL2zgBgZkdoB6qXZsgJEH9LR3oUgpaQq2RbI80=",
        "owner": "nix-systems",
        "repo": "default-linux",
        "rev": "31732fcf5e8fea42e59c2488ad31a0e651500f68",
        "type": "github"
      },
      "original": {
        "owner": "nix-systems",
        "repo": "default-linux",
        "type": "github"
      }
    }
  },
  "root": "root",
  "version": 7
}
