{
  "nodes": {
    "agenix": {
      "inputs": {
        "darwin": [
          "nixpkgs"
        ],
        "home-manager": [
          "nixpkgs"
        ],
        "nixpkgs": [
          "nixpkgs"
        ],
        "systems": "systems"
      },
      "locked": {
        "lastModified": 1747575206,
        "narHash": "sha256-NwmAFuDUO/PFcgaGGr4j3ozG9Pe5hZ/ogitWhY+D81k=",
        "owner": "ryantm",
        "repo": "agenix",
        "rev": "4835b1dc898959d8547a871ef484930675cb47f1",
        "type": "github"
      },
      "original": {
        "owner": "ryantm",
        "repo": "agenix",
        "type": "github"
      }
    },
    "config": {
      "locked": {
        "dir": "example/defaultConfig",
        "lastModified": 1743714736,
        "narHash": "sha256-fV2+vwKjFOnZfKcEvNRh87DMzgrNLZdI8E9g6bB9gc4=",
        "owner": "NiklasGollenstede",
        "repo": "nix-wiplib",
        "rev": "812b0b8fac7d4d2a12ac8dedbdad0236f3684dae",
        "type": "github"
      },
      "original": {
        "dir": "example/defaultConfig",
        "owner": "NiklasGollenstede",
        "repo": "nix-wiplib",
        "type": "github"
      }
    },
    "config_2": {
      "locked": {
        "dir": "example/defaultConfig",
        "lastModified": 1729801154,
        "narHash": "sha256-4zx8zYm+ddExG1+D6Om1V43Y4SsOULUlyEfxAyAZhsM=",
        "owner": "NiklasGollenstede",
        "repo": "nixos-installer",
        "rev": "a937ebf3fcf9953a8b9e47b379639c0aeb08f311",
        "type": "github"
      },
      "original": {
        "dir": "example/defaultConfig",
        "owner": "NiklasGollenstede",
        "repo": "nixos-installer",
        "type": "github"
      }
    },
    "functions": {
      "inputs": {
        "nixpkgs": [
          "nixpkgs"
        ]
      },
      "locked": {
        "lastModified": 1749827308,
        "narHash": "sha256-JZt2VtcMYqgsNHQRJvxZujM8kDq424eJZBfuyuwXzXU=",
        "owner": "NiklasGollenstede",
        "repo": "nix-functions",
        "rev": "a4da10f3aff10d7b2209bca5541e22fb98fc37e3",
        "type": "github"
      },
      "original": {
        "owner": "NiklasGollenstede",
        "repo": "nix-functions",
        "type": "github"
      }
    },
    "installer": {
      "inputs": {
        "config": "config_2",
        "functions": [
          "functions"
        ],
        "nixpkgs": [
          "nixpkgs"
        ]
      },
      "locked": {
        "lastModified": 1744631742,
        "narHash": "sha256-mvuHZ3p9TOXWk4DEJmGYNKodiExnA6NMTPhMroPP4dI=",
        "owner": "NiklasGollenstede",
        "repo": "nixos-installer",
        "rev": "5f61f370151fd663ff91fa4acb493b71fa351e02",
        "type": "github"
      },
      "original": {
        "owner": "NiklasGollenstede",
        "repo": "nixos-installer",
        "type": "github"
      }
    },
    "nixos-hardware": {
      "locked": {
        "lastModified": 1749808356,
        "narHash": "sha256-VQ2HFRVz0VxjYYFtdRTlAq/PuOT+j876YTWubk0WLJM=",
        "owner": "NixOS",
        "repo": "nixos-hardware",
        "rev": "b328aa7871068d9f98b656d8f6829b39a541a114",
        "type": "github"
      },
      "original": {
        "owner": "NixOS",
        "ref": "master",
        "repo": "nixos-hardware",
        "type": "github"
      }
    },
    "nixpkgs": {
      "locked": {
        "lastModified": 1749727998,
        "narHash": "sha256-mHv/yeUbmL91/TvV95p+mBVahm9mdQMJoqaTVTALaFw=",
        "owner": "NixOS",
        "repo": "nixpkgs",
        "rev": "fd487183437963a59ba763c0cc4f27e3447dd6dd",
        "type": "github"
      },
      "original": {
        "owner": "NixOS",
        "ref": "nixos-25.05",
        "repo": "nixpkgs",
        "type": "github"
      }
    },
    "root": {
      "inputs": {
        "agenix": "agenix",
        "config": "config",
        "functions": "functions",
        "installer": "installer",
        "nixos-hardware": "nixos-hardware",
        "nixpkgs": "nixpkgs",
        "systems": "systems_2"
      }
    },
    "systems": {
      "locked": {
        "lastModified": 1681028828,
        "narHash": "sha256-Vy1rq5AaRuLzOxct8nz4T6wlgyUR7zLU309k9mBC768=",
        "owner": "nix-systems",
        "repo": "default",
        "rev": "da67096a3b9bf56a91d16901293e51ba5b49a27e",
        "type": "github"
      },
      "original": {
        "owner": "nix-systems",
        "repo": "default",
        "type": "github"
      }
    },
    "systems_2": {
      "locked": {
        "lastModified": 1681028828,
        "narHash": "sha256-Vy1rq5AaRuLzOxct8nz4T6wlgyUR7zLU309k9mBC768=",
        "owner": "nix-systems",
        "repo": "default",
        "rev": "da67096a3b9bf56a91d16901293e51ba5b49a27e",
        "type": "github"
      },
      "original": {
        "owner": "nix-systems",
        "repo": "default",
        "type": "github"
      }
    }
  },
  "root": "root",
  "version": 7
}
