{
  "nodes": {
    "agenix": {
      "inputs": {
        "darwin": [
          "nixpkgs"
        ],
        "home-manager": [
          "nixpkgs"
        ],
        "nixpkgs": [
          "nixpkgs"
        ],
        "systems": "systems"
      },
      "locked": {
        "lastModified": 1770165109,
        "narHash": "sha256-9VnK6Oqai65puVJ4WYtCTvlJeXxMzAp/69HhQuTdl/I=",
        "owner": "ryantm",
        "repo": "agenix",
        "rev": "b027ee29d959fda4b60b57566d64c98a202e0feb",
        "type": "github"
      },
      "original": {
        "owner": "ryantm",
        "repo": "agenix",
        "type": "github"
      }
    },
    "config": {
      "locked": {
        "dir": "example/defaultConfig",
        "lastModified": 1779279812,
        "narHash": "sha256-hG2LYgkA60E2SYxf0J0T5f7dCWwP1UltYWyyLfHU9B8=",
        "owner": "NiklasGollenstede",
        "repo": "nix-wiplib",
        "rev": "9882673a22eb2a035e604df1d598a3e18ba50024",
        "type": "github"
      },
      "original": {
        "dir": "example/defaultConfig",
        "owner": "NiklasGollenstede",
        "repo": "nix-wiplib",
        "type": "github"
      }
    },
    "config_2": {
      "locked": {
        "dir": "example/defaultConfig",
        "lastModified": 1779219208,
        "narHash": "sha256-juI9haic9hWDZwH1GgQltR+xA/wk6opxcfwOByr6oFY=",
        "owner": "NiklasGollenstede",
        "repo": "nixos-installer",
        "rev": "f3732fb4babbac7500128adb149f3172e93598c5",
        "type": "github"
      },
      "original": {
        "dir": "example/defaultConfig",
        "owner": "NiklasGollenstede",
        "repo": "nixos-installer",
        "type": "github"
      }
    },
    "functions": {
      "inputs": {
        "nixpkgs": [
          "nixpkgs"
        ]
      },
      "locked": {
        "lastModified": 1781274444,
        "narHash": "sha256-dpeXnsgygtAjK+OWxkEFu8vXb9rcmztiHmA/oQ++xH4=",
        "owner": "NiklasGollenstede",
        "repo": "nix-functions",
        "rev": "ae733ec28650be4144ee5dab19e39d4f67a3d781",
        "type": "github"
      },
      "original": {
        "owner": "NiklasGollenstede",
        "repo": "nix-functions",
        "type": "github"
      }
    },
    "installer": {
      "inputs": {
        "config": "config_2",
        "functions": [
          "functions"
        ],
        "nixpkgs": [
          "nixpkgs"
        ],
        "systems": "systems_2"
      },
      "locked": {
        "lastModified": 1781278187,
        "narHash": "sha256-71QnVpE734kREzl47exvNIPsEoT8dJEwIJcewgcA05E=",
        "owner": "NiklasGollenstede",
        "repo": "nixos-installer",
        "rev": "bc3dec92dbfa95475419dd32a97617f614daa050",
        "type": "github"
      },
      "original": {
        "owner": "NiklasGollenstede",
        "repo": "nixos-installer",
        "type": "github"
      }
    },
    "nixos-hardware": {
      "inputs": {
        "nixpkgs": [
          "nixpkgs"
        ]
      },
      "locked": {
        "lastModified": 1780065812,
        "narHash": "sha256-SCSLUKBmwlSLGQ8Xbr8PjRFtiHNk0l9ktqkcmqdBkfE=",
        "owner": "NixOS",
        "repo": "nixos-hardware",
        "rev": "b76b5639c0593e0aeb0b5879ad62d4b30596c144",
        "type": "github"
      },
      "original": {
        "owner": "NixOS",
        "ref": "master",
        "repo": "nixos-hardware",
        "type": "github"
      }
    },
    "nixos-images": {
      "inputs": {
        "nixos-stable": [
          "nixpkgs"
        ],
        "nixos-unstable": [
          "nixpkgs"
        ]
      },
      "locked": {
        "lastModified": 1779968023,
        "narHash": "sha256-A/yGUm2lBzd/uCHqltllNKm4iwVMAnRi2O6CFOSZGdw=",
        "owner": "nix-community",
        "repo": "nixos-images",
        "rev": "c8118f10321884499eea93fd66ff593f151316e1",
        "type": "github"
      },
      "original": {
        "owner": "nix-community",
        "repo": "nixos-images",
        "type": "github"
      }
    },
    "nixpkgs": {
      "locked": {
        "lastModified": 1779971959,
        "narHash": "sha256-R5nauXyqyfRUFiZycFFZdkF7wl6eaUpPLst35+2nJQY=",
        "owner": "NixOS",
        "repo": "nixpkgs",
        "rev": "ec942ba042dad5ef097e2ef3a3effc034241f011",
        "type": "github"
      },
      "original": {
        "owner": "NixOS",
        "ref": "nixos-26.05",
        "repo": "nixpkgs",
        "type": "github"
      }
    },
    "root": {
      "inputs": {
        "agenix": "agenix",
        "config": "config",
        "functions": "functions",
        "installer": "installer",
        "nixos-hardware": "nixos-hardware",
        "nixos-images": "nixos-images",
        "nixpkgs": "nixpkgs",
        "systems": "systems_3"
      }
    },
    "systems": {
      "locked": {
        "lastModified": 1681028828,
        "narHash": "sha256-Vy1rq5AaRuLzOxct8nz4T6wlgyUR7zLU309k9mBC768=",
        "owner": "nix-systems",
        "repo": "default",
        "rev": "da67096a3b9bf56a91d16901293e51ba5b49a27e",
        "type": "github"
      },
      "original": {
        "owner": "nix-systems",
        "repo": "default",
        "type": "github"
      }
    },
    "systems_2": {
      "locked": {
        "lastModified": 1689347949,
        "narHash": "sha256-12tWmuL2zgBgZkdoB6qXZsgJEH9LR3oUgpaQq2RbI80=",
        "owner": "nix-systems",
        "repo": "default-linux",
        "rev": "31732fcf5e8fea42e59c2488ad31a0e651500f68",
        "type": "github"
      },
      "original": {
        "owner": "nix-systems",
        "repo": "default-linux",
        "type": "github"
      }
    },
    "systems_3": {
      "locked": {
        "lastModified": 1774449309,
        "narHash": "sha256-brhZ8DmuGtzkCYHJg4HEd602amKm89Y9ytsFZ5uWD1w=",
        "owner": "nix-systems",
        "repo": "default",
        "rev": "c29398b59d2048c4ab79345812849c9bd15e9150",
        "type": "github"
      },
      "original": {
        "owner": "nix-systems",
        "ref": "future-26.11",
        "repo": "default",
        "type": "github"
      }
    }
  },
  "root": "root",
  "version": 7
}
